
Microsoft Visual Studio Solution File, Format Version 12.00
# Visual Studio 15
VisualStudioVersion = 15.0.27004.2009
MinimumVisualStudioVersion = 10.0.40219.1
Project("{FAE04EC0-301F-11D3-BF4B-00C04F79EFBC}") = "zad5wpf", "zad5wpf\zad5wpf.csproj", "{CA1FA32F-FD98-4065-97B4-048A5C5F7485}"
EndProject
Global
	GlobalSection(SolutionConfigurationPlatforms) = preSolution
		Debug|Any CPU = Debug|Any CPU
		Release|Any CPU = Release|Any CPU
	EndGlobalSection
	GlobalSection(ProjectConfigurationPlatforms) = postSolution
		{CA1FA32F-FD98-4065-97B4-048A5C5F7485}.Debug|Any CPU.ActiveCfg = Debug|Any CPU
		{CA1FA32F-FD98-4065-97B4-048A5C5F7485}.Debug|Any CPU.Build.0 = Debug|Any CPU
		{CA1FA32F-FD98-4065-97B4-048A5C5F7485}.Release|Any CPU.ActiveCfg = Release|Any CPU
		{CA1FA32F-FD98-4065-97B4-048A5C5F7485}.Release|Any CPU.Build.0 = Release|Any CPU
	EndGlobalSection
	GlobalSection(SolutionProperties) = preSolution
		HideSolutionNode = FALSE
	EndGlobalSection
	GlobalSection(ExtensibilityGlobals) = postSolution
		SolutionGuid = {3A55D975-D7AB-422D-B82D-A5EABA29FCAA}
	EndGlobalSection
EndGlobal
